
Microsoft Visual Studio Solution File, Format Version 12.00
#
Project("{FAE04EC0-301F-11D3-BF4B-00C04F79EFBC}") = "DownloadSort", "DownloadSort\DownloadSort.csproj", "{6D7F9855-9E32-493E-B77A-1B42B83B916C}"
EndProject
Global
	GlobalSection(SolutionConfigurationPlatforms) = preSolution
		Debug|Any CPU = Debug|Any CPU
		Release|Any CPU = Release|Any CPU
	EndGlobalSection
	GlobalSection(ProjectConfigurationPlatforms) = postSolution
		{6D7F9855-9E32-493E-B77A-1B42B83B916C}.Debug|Any CPU.ActiveCfg = Debug|Any CPU
		{6D7F9855-9E32-493E-B77A-1B42B83B916C}.Debug|Any CPU.Build.0 = Debug|Any CPU
		{6D7F9855-9E32-493E-B77A-1B42B83B916C}.Release|Any CPU.ActiveCfg = Release|Any CPU
		{6D7F9855-9E32-493E-B77A-1B42B83B916C}.Release|Any CPU.Build.0 = Release|Any CPU
	EndGlobalSection
EndGlobal
